
Microsoft Visual Studio Solution File, Format Version 12.00
# Visual Studio 2012
Project("{FAE04EC0-301F-11D3-BF4B-00C04F79EFBC}") = "TripolisDialogueAdapter", "TripolisDialogueAdapter\TripolisDialogueAdapter.csproj", "{45AD6E86-0A45-4E9E-B21A-9876137A6A91}"
EndProject
Project("{FAE04EC0-301F-11D3-BF4B-00C04F79EFBC}") = "SendMailForJob", "SendMailForJob\SendMailForJob.csproj", "{20A370D0-BEEC-4FFD-A127-8B534A2E43E0}"
EndProject
Project("{FAE04EC0-301F-11D3-BF4B-00C04F79EFBC}") = "TripolisDialogueAdapterWs", "TripolisDialogueAdapterWs\TripolisDialogueAdapterWs.csproj", "{DD35D3A1-6363-4800-9FC1-9084385867B6}"
EndProject
Project("{FAE04EC0-301F-11D3-BF4B-00C04F79EFBC}") = "Example", "Example\Example.csproj", "{BB507C4C-F6E0-4FAB-8570-3ABFBD111B27}"
EndProject
Project("{FAE04EC0-301F-11D3-BF4B-00C04F79EFBC}") = "TriplosDialogueWsTest", "TriplosDialogueWsTest\TriplosDialogueWsTest.csproj", "{AD7485D5-D3FB-4A56-8225-6285E16C6A59}"
EndProject
Project("{FAE04EC0-301F-11D3-BF4B-00C04F79EFBC}") = "BSE.Windows.Forms", "BSE.Windows.Forms\BSE.Windows.Forms.csproj", "{9CA367B8-0B98-49D1-84FB-735E612E3BA9}"
EndProject
Project("{FAE04EC0-301F-11D3-BF4B-00C04F79EFBC}") = "ChinaUnion_AgentManagement", "ChinaUnion\ChinaUnion_AgentManagement.csproj", "{51D05611-D6D6-42DD-BA4C-3D3088944C3A}"
EndProject
Project("{FAE04EC0-301F-11D3-BF4B-00C04F79EFBC}") = "ChinaUnion_Agent", "ChinaUnion_Agent\ChinaUnion_Agent.csproj", "{A1F645E0-4E5E-4D5C-B109-8DFED0F82BE9}"
EndProject
Project("{FAE04EC0-301F-11D3-BF4B-00C04F79EFBC}") = "Wechat", "Wechat\Wechat.csproj", "{DFBA59F6-2CBD-4981-B843-2916F458B64D}"
EndProject
Project("{FAE04EC0-301F-11D3-BF4B-00C04F79EFBC}") = "ChinaUnion_DataAccess", "ChinaUnion_DataAccess\ChinaUnion_DataAccess.csproj", "{8DFAC5B1-B8CC-41A2-9190-65C6D73D5E6A}"
EndProject
Project("{FAE04EC0-301F-11D3-BF4B-00C04F79EFBC}") = "ChinaUnion_BO", "ChinaUnion_BO\ChinaUnion_BO.csproj", "{CB255730-944C-4693-B4BA-7B03FEA5CC96}"
EndProject
Global
	GlobalSection(SolutionConfigurationPlatforms) = preSolution
		Debug|Any CPU = Debug|Any CPU
		Debug|Mixed Platforms = Debug|Mixed Platforms
		Debug|x86 = Debug|x86
		Release|Any CPU = Release|Any CPU
		Release|Mixed Platforms = Release|Mixed Platforms
		Release|x86 = Release|x86
	EndGlobalSection
	GlobalSection(ProjectConfigurationPlatforms) = postSolution
		{45AD6E86-0A45-4E9E-B21A-9876137A6A91}.Debug|Any CPU.ActiveCfg = Debug|x86
		{45AD6E86-0A45-4E9E-B21A-9876137A6A91}.Debug|Mixed Platforms.ActiveCfg = Debug|x86
		{45AD6E86-0A45-4E9E-B21A-9876137A6A91}.Debug|Mixed Platforms.Build.0 = Debug|x86
		{45AD6E86-0A45-4E9E-B21A-9876137A6A91}.Debug|x86.ActiveCfg = Debug|x86
		{45AD6E86-0A45-4E9E-B21A-9876137A6A91}.Debug|x86.Build.0 = Debug|x86
		{45AD6E86-0A45-4E9E-B21A-9876137A6A91}.Release|Any CPU.ActiveCfg = Release|x86
		{45AD6E86-0A45-4E9E-B21A-9876137A6A91}.Release|Mixed Platforms.ActiveCfg = Release|x86
		{45AD6E86-0A45-4E9E-B21A-9876137A6A91}.Release|Mixed Platforms.Build.0 = Release|x86
		{45AD6E86-0A45-4E9E-B21A-9876137A6A91}.Release|x86.ActiveCfg = Release|x86
		{45AD6E86-0A45-4E9E-B21A-9876137A6A91}.Release|x86.Build.0 = Release|x86
		{20A370D0-BEEC-4FFD-A127-8B534A2E43E0}.Debug|Any CPU.ActiveCfg = Debug|x86
		{20A370D0-BEEC-4FFD-A127-8B534A2E43E0}.Debug|Mixed Platforms.ActiveCfg = Debug|x86
		{20A370D0-BEEC-4FFD-A127-8B534A2E43E0}.Debug|Mixed Platforms.Build.0 = Debug|x86
		{20A370D0-BEEC-4FFD-A127-8B534A2E43E0}.Debug|x86.ActiveCfg = Debug|x86
		{20A370D0-BEEC-4FFD-A127-8B534A2E43E0}.Debug|x86.Build.0 = Debug|x86
		{20A370D0-BEEC-4FFD-A127-8B534A2E43E0}.Release|Any CPU.ActiveCfg = Release|x86
		{20A370D0-BEEC-4FFD-A127-8B534A2E43E0}.Release|Mixed Platforms.ActiveCfg = Release|x86
		{20A370D0-BEEC-4FFD-A127-8B534A2E43E0}.Release|Mixed Platforms.Build.0 = Release|x86
		{20A370D0-BEEC-4FFD-A127-8B534A2E43E0}.Release|x86.ActiveCfg = Release|x86
		{20A370D0-BEEC-4FFD-A127-8B534A2E43E0}.Release|x86.Build.0 = Release|x86
		{DD35D3A1-6363-4800-9FC1-9084385867B6}.Debug|Any CPU.ActiveCfg = Debug|Any CPU
		{DD35D3A1-6363-4800-9FC1-9084385867B6}.Debug|Any CPU.Build.0 = Debug|Any CPU
		{DD35D3A1-6363-4800-9FC1-9084385867B6}.Debug|Mixed Platforms.ActiveCfg = Debug|Any CPU
		{DD35D3A1-6363-4800-9FC1-9084385867B6}.Debug|Mixed Platforms.Build.0 = Debug|Any CPU
		{DD35D3A1-6363-4800-9FC1-9084385867B6}.Debug|x86.ActiveCfg = Debug|Any CPU
		{DD35D3A1-6363-4800-9FC1-9084385867B6}.Release|Any CPU.ActiveCfg = Release|Any CPU
		{DD35D3A1-6363-4800-9FC1-9084385867B6}.Release|Any CPU.Build.0 = Release|Any CPU
		{DD35D3A1-6363-4800-9FC1-9084385867B6}.Release|Mixed Platforms.ActiveCfg = Release|Any CPU
		{DD35D3A1-6363-4800-9FC1-9084385867B6}.Release|Mixed Platforms.Build.0 = Release|Any CPU
		{DD35D3A1-6363-4800-9FC1-9084385867B6}.Release|x86.ActiveCfg = Release|Any CPU
		{BB507C4C-F6E0-4FAB-8570-3ABFBD111B27}.Debug|Any CPU.ActiveCfg = Debug|Any CPU
		{BB507C4C-F6E0-4FAB-8570-3ABFBD111B27}.Debug|Any CPU.Build.0 = Debug|Any CPU
		{BB507C4C-F6E0-4FAB-8570-3ABFBD111B27}.Debug|Mixed Platforms.ActiveCfg = Debug|Any CPU
		{BB507C4C-F6E0-4FAB-8570-3ABFBD111B27}.Debug|Mixed Platforms.Build.0 = Debug|Any CPU
		{BB507C4C-F6E0-4FAB-8570-3ABFBD111B27}.Debug|x86.ActiveCfg = Debug|Any CPU
		{BB507C4C-F6E0-4FAB-8570-3ABFBD111B27}.Release|Any CPU.ActiveCfg = Release|Any CPU
		{BB507C4C-F6E0-4FAB-8570-3ABFBD111B27}.Release|Any CPU.Build.0 = Release|Any CPU
		{BB507C4C-F6E0-4FAB-8570-3ABFBD111B27}.Release|Mixed Platforms.ActiveCfg = Release|Any CPU
		{BB507C4C-F6E0-4FAB-8570-3ABFBD111B27}.Release|Mixed Platforms.Build.0 = Release|Any CPU
		{BB507C4C-F6E0-4FAB-8570-3ABFBD111B27}.Release|x86.ActiveCfg = Release|Any CPU
		{AD7485D5-D3FB-4A56-8225-6285E16C6A59}.Debug|Any CPU.ActiveCfg = Debug|Any CPU
		{AD7485D5-D3FB-4A56-8225-6285E16C6A59}.Debug|Any CPU.Build.0 = Debug|Any CPU
		{AD7485D5-D3FB-4A56-8225-6285E16C6A59}.Debug|Mixed Platforms.ActiveCfg = Debug|Any CPU
		{AD7485D5-D3FB-4A56-8225-6285E16C6A59}.Debug|Mixed Platforms.Build.0 = Debug|Any CPU
		{AD7485D5-D3FB-4A56-8225-6285E16C6A59}.Debug|x86.ActiveCfg = Debug|Any CPU
		{AD7485D5-D3FB-4A56-8225-6285E16C6A59}.Release|Any CPU.ActiveCfg = Release|Any CPU
		{AD7485D5-D3FB-4A56-8225-6285E16C6A59}.Release|Any CPU.Build.0 = Release|Any CPU
		{AD7485D5-D3FB-4A56-8225-6285E16C6A59}.Release|Mixed Platforms.ActiveCfg = Release|Any CPU
		{AD7485D5-D3FB-4A56-8225-6285E16C6A59}.Release|Mixed Platforms.Build.0 = Release|Any CPU
		{AD7485D5-D3FB-4A56-8225-6285E16C6A59}.Release|x86.ActiveCfg = Release|Any CPU
		{9CA367B8-0B98-49D1-84FB-735E612E3BA9}.Debug|Any CPU.ActiveCfg = Debug|Any CPU
		{9CA367B8-0B98-49D1-84FB-735E612E3BA9}.Debug|Any CPU.Build.0 = Debug|Any CPU
		{9CA367B8-0B98-49D1-84FB-735E612E3BA9}.Debug|Mixed Platforms.ActiveCfg = Debug|Any CPU
		{9CA367B8-0B98-49D1-84FB-735E612E3BA9}.Debug|Mixed Platforms.Build.0 = Debug|Any CPU
		{9CA367B8-0B98-49D1-84FB-735E612E3BA9}.Debug|x86.ActiveCfg = Debug|Any CPU
		{9CA367B8-0B98-49D1-84FB-735E612E3BA9}.Release|Any CPU.ActiveCfg = Release|Any CPU
		{9CA367B8-0B98-49D1-84FB-735E612E3BA9}.Release|Any CPU.Build.0 = Release|Any CPU
		{9CA367B8-0B98-49D1-84FB-735E612E3BA9}.Release|Mixed Platforms.ActiveCfg = Release|Any CPU
		{9CA367B8-0B98-49D1-84FB-735E612E3BA9}.Release|Mixed Platforms.Build.0 = Release|Any CPU
		{9CA367B8-0B98-49D1-84FB-735E612E3BA9}.Release|x86.ActiveCfg = Release|Any CPU
		{51D05611-D6D6-42DD-BA4C-3D3088944C3A}.Debug|Any CPU.ActiveCfg = Debug|x86
		{51D05611-D6D6-42DD-BA4C-3D3088944C3A}.Debug|Mixed Platforms.ActiveCfg = Debug|x86
		{51D05611-D6D6-42DD-BA4C-3D3088944C3A}.Debug|Mixed Platforms.Build.0 = Debug|x86
		{51D05611-D6D6-42DD-BA4C-3D3088944C3A}.Debug|x86.ActiveCfg = Debug|x86
		{51D05611-D6D6-42DD-BA4C-3D3088944C3A}.Debug|x86.Build.0 = Debug|x86
		{51D05611-D6D6-42DD-BA4C-3D3088944C3A}.Release|Any CPU.ActiveCfg = Release|x86
		{51D05611-D6D6-42DD-BA4C-3D3088944C3A}.Release|Mixed Platforms.ActiveCfg = Release|x86
		{51D05611-D6D6-42DD-BA4C-3D3088944C3A}.Release|Mixed Platforms.Build.0 = Release|x86
		{51D05611-D6D6-42DD-BA4C-3D3088944C3A}.Release|x86.ActiveCfg = Release|x86
		{51D05611-D6D6-42DD-BA4C-3D3088944C3A}.Release|x86.Build.0 = Release|x86
		{A1F645E0-4E5E-4D5C-B109-8DFED0F82BE9}.Debug|Any CPU.ActiveCfg = Debug|Any CPU
		{A1F645E0-4E5E-4D5C-B109-8DFED0F82BE9}.Debug|Any CPU.Build.0 = Debug|Any CPU
		{A1F645E0-4E5E-4D5C-B109-8DFED0F82BE9}.Debug|Mixed Platforms.ActiveCfg = Debug|Any CPU
		{A1F645E0-4E5E-4D5C-B109-8DFED0F82BE9}.Debug|Mixed Platforms.Build.0 = Debug|Any CPU
		{A1F645E0-4E5E-4D5C-B109-8DFED0F82BE9}.Debug|x86.ActiveCfg = Debug|Any CPU
		{A1F645E0-4E5E-4D5C-B109-8DFED0F82BE9}.Release|Any CPU.ActiveCfg = Release|Any CPU
		{A1F645E0-4E5E-4D5C-B109-8DFED0F82BE9}.Release|Any CPU.Build.0 = Release|Any CPU
		{A1F645E0-4E5E-4D5C-B109-8DFED0F82BE9}.Release|Mixed Platforms.ActiveCfg = Release|Any CPU
		{A1F645E0-4E5E-4D5C-B109-8DFED0F82BE9}.Release|Mixed Platforms.Build.0 = Release|Any CPU
		{A1F645E0-4E5E-4D5C-B109-8DFED0F82BE9}.Release|x86.ActiveCfg = Release|Any CPU
		{DFBA59F6-2CBD-4981-B843-2916F458B64D}.Debug|Any CPU.ActiveCfg = Debug|Any CPU
		{DFBA59F6-2CBD-4981-B843-2916F458B64D}.Debug|Any CPU.Build.0 = Debug|Any CPU
		{DFBA59F6-2CBD-4981-B843-2916F458B64D}.Debug|Mixed Platforms.ActiveCfg = Debug|Any CPU
		{DFBA59F6-2CBD-4981-B843-2916F458B64D}.Debug|Mixed Platforms.Build.0 = Debug|Any CPU
		{DFBA59F6-2CBD-4981-B843-2916F458B64D}.Debug|x86.ActiveCfg = Debug|Any CPU
		{DFBA59F6-2CBD-4981-B843-2916F458B64D}.Release|Any CPU.ActiveCfg = Release|Any CPU
		{DFBA59F6-2CBD-4981-B843-2916F458B64D}.Release|Any CPU.Build.0 = Release|Any CPU
		{DFBA59F6-2CBD-4981-B843-2916F458B64D}.Release|Mixed Platforms.ActiveCfg = Release|Any CPU
		{DFBA59F6-2CBD-4981-B843-2916F458B64D}.Release|Mixed Platforms.Build.0 = Release|Any CPU
		{DFBA59F6-2CBD-4981-B843-2916F458B64D}.Release|x86.ActiveCfg = Release|Any CPU
		{8DFAC5B1-B8CC-41A2-9190-65C6D73D5E6A}.Debug|Any CPU.ActiveCfg = Debug|Any CPU
		{8DFAC5B1-B8CC-41A2-9190-65C6D73D5E6A}.Debug|Any CPU.Build.0 = Debug|Any CPU
		{8DFAC5B1-B8CC-41A2-9190-65C6D73D5E6A}.Debug|Mixed Platforms.ActiveCfg = Debug|Any CPU
		{8DFAC5B1-B8CC-41A2-9190-65C6D73D5E6A}.Debug|Mixed Platforms.Build.0 = Debug|Any CPU
		{8DFAC5B1-B8CC-41A2-9190-65C6D73D5E6A}.Debug|x86.ActiveCfg = Debug|Any CPU
		{8DFAC5B1-B8CC-41A2-9190-65C6D73D5E6A}.Release|Any CPU.ActiveCfg = Release|Any CPU
		{8DFAC5B1-B8CC-41A2-9190-65C6D73D5E6A}.Release|Any CPU.Build.0 = Release|Any CPU
		{8DFAC5B1-B8CC-41A2-9190-65C6D73D5E6A}.Release|Mixed Platforms.ActiveCfg = Release|Any CPU
		{8DFAC5B1-B8CC-41A2-9190-65C6D73D5E6A}.Release|Mixed Platforms.Build.0 = Release|Any CPU
		{8DFAC5B1-B8CC-41A2-9190-65C6D73D5E6A}.Release|x86.ActiveCfg = Release|Any CPU
		{CB255730-944C-4693-B4BA-7B03FEA5CC96}.Debug|Any CPU.ActiveCfg = Debug|Any CPU
		{CB255730-944C-4693-B4BA-7B03FEA5CC96}.Debug|Any CPU.Build.0 = Debug|Any CPU
		{CB255730-944C-4693-B4BA-7B03FEA5CC96}.Debug|Mixed Platforms.ActiveCfg = Debug|Any CPU
		{CB255730-944C-4693-B4BA-7B03FEA5CC96}.Debug|Mixed Platforms.Build.0 = Debug|Any CPU
		{CB255730-944C-4693-B4BA-7B03FEA5CC96}.Debug|x86.ActiveCfg = Debug|Any CPU
		{CB255730-944C-4693-B4BA-7B03FEA5CC96}.Release|Any CPU.ActiveCfg = Release|Any CPU
		{CB255730-944C-4693-B4BA-7B03FEA5CC96}.Release|Any CPU.Build.0 = Release|Any CPU
		{CB255730-944C-4693-B4BA-7B03FEA5CC96}.Release|Mixed Platforms.ActiveCfg = Release|Any CPU
		{CB255730-944C-4693-B4BA-7B03FEA5CC96}.Release|Mixed Platforms.Build.0 = Release|Any CPU
		{CB255730-944C-4693-B4BA-7B03FEA5CC96}.Release|x86.ActiveCfg = Release|Any CPU
	EndGlobalSection
	GlobalSection(SolutionProperties) = preSolution
		HideSolutionNode = FALSE
	EndGlobalSection
EndGlobal
